# This file is automatically @generated by Poetry 1.8.5 and should not be changed by hand.

[[package]]
name = "aiosmtplib"
version = "4.0.1"
description = "asyncio SMTP client"
optional = false
python-versions = ">=3.9"
files = [
    {file = "aiosmtplib-4.0.1-py3-none-any.whl", hash = "sha256:5f56ad99fa0653f32e80636f917dc0251489917d6a363a9b58a586e575d21f28"},
    {file = "aiosmtplib-4.0.1.tar.gz", hash = "sha256:10d426afe923edeb28ce0f007da0ee4060e9e12dd3890c162b22e1958da35761"},
]

[package.extras]
docs = ["furo (>=2023.9.10)", "sphinx (>=7.0.0)", "sphinx-autodoc-typehints (>=1.24.0)", "sphinx-copybutton (>=0.5.0)"]
uvloop = ["uvloop (>=0.18)"]

[[package]]
name = "environs"
version = "14.2.0"
description = "simplified environment variable parsing"
optional = false
python-versions = ">=3.9"
files = [
    {file = "environs-14.2.0-py3-none-any.whl", hash = "sha256:22669a58d53c5b86a25d0231c4a41a6ebeb82d3942b8fbd9cf645890c92a1843"},
    {file = "environs-14.2.0.tar.gz", hash = "sha256:2b6c78a77dfefb57ca30d43a232270ecc82adabf67ab318e018084b9a3529e9b"},
]

[package.dependencies]
marshmallow = ">=3.18.0"
python-dotenv = "*"

[package.extras]
dev = ["environs[tests]", "pre-commit (>=4.0,<5.0)", "tox"]
django = ["dj-database-url", "dj-email-url", "django-cache-url"]
tests = ["backports.strenum", "environs[django]", "packaging", "pytest"]

[[package]]
name = "marshmallow"
version = "4.0.0"
description = "A lightweight library for converting complex datatypes to and from native Python datatypes."
optional = false
python-versions = ">=3.9"
files = [
    {file = "marshmallow-4.0.0-py3-none-any.whl", hash = "sha256:e7b0528337e9990fd64950f8a6b3a1baabed09ad17a0dfb844d701151f92d203"},
    {file = "marshmallow-4.0.0.tar.gz", hash = "sha256:3b6e80aac299a7935cfb97ed01d1854fb90b5079430969af92118ea1b12a8d55"},
]

[package.extras]
dev = ["marshmallow[tests]", "pre-commit (>=3.5,<5.0)", "tox"]
docs = ["autodocsumm (==0.2.14)", "furo (==2024.8.6)", "sphinx (==8.2.3)", "sphinx-copybutton (==0.5.2)", "sphinx-issues (==5.0.1)", "sphinxext-opengraph (==0.10.0)"]
tests = ["pytest", "simplejson"]

[[package]]
name = "python-dotenv"
version = "1.1.0"
description = "Read key-value pairs from a .env file and set them as environment variables"
optional = false
python-versions = ">=3.9"
files = [
    {file = "python_dotenv-1.1.0-py3-none-any.whl", hash = "sha256:d7c01d9e2293916c18baf562d95698754b0dbbb5e74d457c45d4f6561fb9d55d"},
    {file = "python_dotenv-1.1.0.tar.gz", hash = "sha256:41f90bc6f5f177fb41f53e87666db362025010eb28f60a01c9143bfa33a2b2d5"},
]

[package.extras]
cli = ["click (>=5.0)"]

[metadata]
lock-version = "2.0"
python-versions = "^3.11"
content-hash = "780c8937937ed92dfb2fe49d2f7f4a587e0743506b066b633c6619d588cc7786"
